PODS:
  - SDWebImage (5.15.8):
    - SDWebImage/Core (= 5.15.8)
  - SDWebImage/Core (5.15.8)

DEPENDENCIES:
  - SDWebImage (~> 5.0)

SPEC REPOS:
  trunk:
    - SDWebImage

SPEC CHECKSUMS:
  SDWebImage: cb032eba469c54e0000e78bcb0a13cdde0a52798

PODFILE CHECKSUM: 432fd32b2904b2f8ec0a82487075b0803c9cb883

COCOAPODS: 1.11.2
