// !$*UTF8*$!
{
	archiveVersion = 1;
	classes = {
	};
	objectVersion = 55;
	objects = {

/* Begin PBXBuildFile section */
		681482E82A77B585004297F8 /* AppDelegate.swift in Sources */ = {isa = PBXBuildFile; fileRef = 681482E72A77B585004297F8 /* AppDelegate.swift */; };
		681482EA2A77B585004297F8 /* SceneDelegate.swift in Sources */ = {isa = PBXBuildFile; fileRef = 681482E92A77B585004297F8 /* SceneDelegate.swift */; };
		681482EC2A77B585004297F8 /* ViewController.swift in Sources */ = {isa = PBXBuildFile; fileRef = 681482EB2A77B585004297F8 /* ViewController.swift */; };
		681482EF2A77B585004297F8 /* Main.storyboard in Resources */ = {isa = PBXBuildFile; fileRef = 681482ED2A77B585004297F8 /* Main.storyboard */; };
		681482F12A77B587004297F8 /* Assets.xcassets in Resources */ = {isa = PBXBuildFile; fileRef = 681482F02A77B587004297F8 /* Assets.xcassets */; };
		681482F42A77B587004297F8 /* LaunchScreen.storyboard in Resources */ = {isa = PBXBuildFile; fileRef = 681482F22A77B587004297F8 /* LaunchScreen.storyboard */; };
		68F3229E2A77BAA300ED4CF7 /* Post.swift in Sources */ = {isa = PBXBuildFile; fileRef = 68F3229D2A77BAA300ED4CF7 /* Post.swift */; };
		68F534372A78FF63000207CB /* PostTableViewCell.swift in Sources */ = {isa = PBXBuildFile; fileRef = 68F534352A78FF63000207CB /* PostTableViewCell.swift */; };
		68F534382A78FF63000207CB /* PostTableViewCell.xib in Resources */ = {isa = PBXBuildFile; fileRef = 68F534362A78FF63000207CB /* PostTableViewCell.xib */; };
		71BBEF92ABA0F9EE2986DBFD /* Pods_21_06_2023_PodInstallationDemo.framework in Frameworks */ = {isa = PBXBuildFile; fileRef = 0649B0A0A5119D8B1D131979 /* Pods_21_06_2023_PodInstallationDemo.framework */; };
/* End PBXBuildFile section */

/* Begin PBXFileReference section */
		0649B0A0A5119D8B1D131979 /* Pods_21_06_2023_PodInstallationDemo.framework */ = {isa = PBXFileReference; explicitFileType = wrapper.framework; includeInIndex = 0; path = Pods_21_06_2023_PodInstallationDemo.framework; sourceTree = BUILT_PRODUCTS_DIR; };
		4CDC23427E4037BE13ADB4EE /* Pods-21_06_2023_PodInstallationDemo.debug.xcconfig */ = {isa = PBXFileReference; includeInIndex = 1; lastKnownFileType = text.xcconfig; name = "Pods-21_06_2023_PodInstallationDemo.debug.xcconfig"; path = "Target Support Files/Pods-21_06_2023_PodInstallationDemo/Pods-21_06_2023_PodInstallationDemo.debug.xcconfig"; sourceTree = "<group>"; };
		681482E42A77B585004297F8 /* 21_06_2023_PodInstallationDemo.app */ = {isa = PBXFileReference; explicitFileType = wrapper.application; includeInIndex = 0; path = 21_06_2023_PodInstallationDemo.app; sourceTree = BUILT_PRODUCTS_DIR; };
		681482E72A77B585004297F8 /* AppDelegate.swift */ = {isa = PBXFileReference; lastKnownFileType = sourcecode.swift; path = AppDelegate.swift; sourceTree = "<group>"; };
		681482E92A77B585004297F8 /* SceneDelegate.swift */ = {isa = PBXFileReference; lastKnownFileType = sourcecode.swift; path = SceneDelegate.swift; sourceTree = "<group>"; };
		681482EB2A77B585004297F8 /* ViewController.swift */ = {isa = PBXFileReference; lastKnownFileType = sourcecode.swift; path = ViewController.swift; sourceTree = "<group>"; };
		681482EE2A77B585004297F8 /* Base */ = {isa = PBXFileReference; lastKnownFileType = file.storyboard; name = Base; path = Base.lproj/Main.storyboard; sourceTree = "<group>"; };
		681482F02A77B587004297F8 /* Assets.xcassets */ = {isa = PBXFileReference; lastKnownFileType = folder.assetcatalog; path = Assets.xcassets; sourceTree = "<group>"; };
		681482F32A77B587004297F8 /* Base */ = {isa = PBXFileReference; lastKnownFileType = file.storyboard; name = Base; path = Base.lproj/LaunchScreen.storyboard; sourceTree = "<group>"; };
		681482F52A77B587004297F8 /* Info.plist */ = {isa = PBXFileReference; lastKnownFileType = text.plist.xml; path = Info.plist; sourceTree = "<group>"; };
		68F3229D2A77BAA300ED4CF7 /* Post.swift */ = {isa = PBXFileReference; lastKnownFileType = sourcecode.swift; path = Post.swift; sourceTree = "<group>"; };
		68F534352A78FF63000207CB /* PostTableViewCell.swift */ = {isa = PBXFileReference; lastKnownFileType = sourcecode.swift; path = PostTableViewCell.swift; sourceTree = "<group>"; };
		68F534362A78FF63000207CB /* PostTableViewCell.xib */ = {isa = PBXFileReference; lastKnownFileType = file.xib; path = PostTableViewCell.xib; sourceTree = "<group>"; };
		77C62A142A4C7BDA684677E7 /* Pods-21_06_2023_PodInstallationDemo.release.xcconfig */ = {isa = PBXFileReference; includeInIndex = 1; lastKnownFileType = text.xcconfig; name = "Pods-21_06_2023_PodInstallationDemo.release.xcconfig"; path = "Target Support Files/Pods-21_06_2023_PodInstallationDemo/Pods-21_06_2023_PodInstallationDemo.release.xcconfig"; sourceTree = "<group>"; };
/* End PBXFileReference section */

/* Begin PBXFrameworksBuildPhase section */
		681482E12A77B585004297F8 /* Frameworks */ = {
			isa = PBXFrameworksBuildPhase;
			buildActionMask = 2147483647;
			files = (
				71BBEF92ABA0F9EE2986DBFD /* Pods_21_06_2023_PodInstallationDemo.framework in Frameworks */,
			);
			runOnlyForDeploymentPostprocessing = 0;
		};
/* End PBXFrameworksBuildPhase section */

/* Begin PBXGroup section */
		11FDF4D217D49811523ACF89 /* Pods */ = {
			isa = PBXGroup;
			children = (
				4CDC23427E4037BE13ADB4EE /* Pods-21_06_2023_PodInstallationDemo.debug.xcconfig */,
				77C62A142A4C7BDA684677E7 /* Pods-21_06_2023_PodInstallationDemo.release.xcconfig */,
			);
			path = Pods;
			sourceTree = "<group>";
		};
		18865BC5CB89515A018C3605 /* Frameworks */ = {
			isa = PBXGroup;
			children = (
				0649B0A0A5119D8B1D131979 /* Pods_21_06_2023_PodInstallationDemo.framework */,
			);
			name = Frameworks;
			sourceTree = "<group>";
		};
		681482DB2A77B585004297F8 = {
			isa = PBXGroup;
			children = (
				681482E62A77B585004297F8 /* 21_06_2023_PodInstallationDemo */,
				681482E52A77B585004297F8 /* Products */,
				11FDF4D217D49811523ACF89 /* Pods */,
				18865BC5CB89515A018C3605 /* Frameworks */,
			);
			sourceTree = "<group>";
		};
		681482E52A77B585004297F8 /* Products */ = {
			isa = PBXGroup;
			children = (
				681482E42A77B585004297F8 /* 21_06_2023_PodInstallationDemo.app */,
			);
			name = Products;
			sourceTree = "<group>";
		};
		681482E62A77B585004297F8 /* 21_06_2023_PodInstallationDemo */ = {
			isa = PBXGroup;
			children = (
				681482E72A77B585004297F8 /* AppDelegate.swift */,
				681482E92A77B585004297F8 /* SceneDelegate.swift */,
				681482EB2A77B585004297F8 /* ViewController.swift */,
				681482ED2A77B585004297F8 /* Main.storyboard */,
				681482F02A77B587004297F8 /* Assets.xcassets */,
				681482F22A77B587004297F8 /* LaunchScreen.storyboard */,
				681482F52A77B587004297F8 /* Info.plist */,
				68F3229D2A77BAA300ED4CF7 /* Post.swift */,
				68F534352A78FF63000207CB /* PostTableViewCell.swift */,
				68F534362A78FF63000207CB /* PostTableViewCell.xib */,
			);
			path = 21_06_2023_PodInstallationDemo;
			sourceTree = "<group>";
		};
/* End PBXGroup section */

/* Begin PBXNativeTarget section */
		681482E32A77B585004297F8 /* 21_06_2023_PodInstallationDemo */ = {
			isa = PBXNativeTarget;
			buildConfigurationList = 681482F82A77B587004297F8 /* Build configuration list for PBXNativeTarget "21_06_2023_PodInstallationDemo" */;
			buildPhases = (
				FF00C7E34F8937022E5B2B3E /* [CP] Check Pods Manifest.lock */,
				681482E02A77B585004297F8 /* Sources */,
				681482E12A77B585004297F8 /* Frameworks */,
				681482E22A77B585004297F8 /* Resources */,
				7B5DC2069E51F44F64378616 /* [CP] Embed Pods Frameworks */,
			);
			buildRules = (
			);
			dependencies = (
			);
			name = 21_06_2023_PodInstallationDemo;
			productName = 21_06_2023_PodInstallationDemo;
			productReference = 681482E42A77B585004297F8 /* 21_06_2023_PodInstallationDemo.app */;
			productType = "com.apple.product-type.application";
		};
/* End PBXNativeTarget section */

/* Begin PBXProject section */
		681482DC2A77B585004297F8 /* Project object */ = {
			isa = PBXProject;
			attributes = {
				BuildIndependentTargetsInParallel = 1;
				LastSwiftUpdateCheck = 1400;
				LastUpgradeCheck = 1400;
				TargetAttributes = {
					681482E32A77B585004297F8 = {
						CreatedOnToolsVersion = 14.0;
					};
				};
			};
			buildConfigurationList = 681482DF2A77B585004297F8 /* Build configuration list for PBXProject "21_06_2023_PodInstallationDemo" */;
			compatibilityVersion = "Xcode 13.0";
			developmentRegion = en;
			hasScannedForEncodings = 0;
			knownRegions = (
				en,
				Base,
			);
			mainGroup = 681482DB2A77B585004297F8;
			productRefGroup = 681482E52A77B585004297F8 /* Products */;
			projectDirPath = "";
			projectRoot = "";
			targets = (
				681482E32A77B585004297F8 /* 21_06_2023_PodInstallationDemo */,
			);
		};
/* End PBXProject section */

/* Begin PBXResourcesBuildPhase section */
		681482E22A77B585004297F8 /* Resources */ = {
			isa = PBXResourcesBuildPhase;
			buildActionMask = 2147483647;
			files = (
				681482F42A77B587004297F8 /* LaunchScreen.storyboard in Resources */,
				681482F12A77B587004297F8 /* Assets.xcassets in Resources */,
				681482EF2A77B585004297F8 /* Main.storyboard in Resources */,
				68F534382A78FF63000207CB /* PostTableViewCell.xib in Resources */,
			);
			runOnlyForDeploymentPostprocessing = 0;
		};
/* End PBXResourcesBuildPhase section */

/* Begin PBXShellScriptBuildPhase section */
		7B5DC2069E51F44F64378616 /* [CP] Embed Pods Frameworks */ = {
			isa = PBXShellScriptBuildPhase;
			buildActionMask = 2147483647;
			files = (
			);
			inputFileListPaths = (
				"${PODS_ROOT}/Target Support Files/Pods-21_06_2023_PodInstallationDemo/Pods-21_06_2023_PodInstallationDemo-frameworks-${CONFIGURATION}-input-files.xcfilelist",
			);
			name = "[CP] Embed Pods Frameworks";
			outputFileListPaths = (
				"${PODS_ROOT}/Target Support Files/Pods-21_06_2023_PodInstallationDemo/Pods-21_06_2023_PodInstallationDemo-frameworks-${CONFIGURATION}-output-files.xcfilelist",
			);
			runOnlyForDeploymentPostprocessing = 0;
			shellPath = /bin/sh;
			shellScript = "\"${PODS_ROOT}/Target Support Files/Pods-21_06_2023_PodInstallationDemo/Pods-21_06_2023_PodInstallationDemo-frameworks.sh\"\n";
			showEnvVarsInLog = 0;
		};
		FF00C7E34F8937022E5B2B3E /* [CP] Check Pods Manifest.lock */ = {
			isa = PBXShellScriptBuildPhase;
			buildActionMask = 2147483647;
			files = (
			);
			inputFileListPaths = (
			);
			inputPaths = (
				"${PODS_PODFILE_DIR_PATH}/Podfile.lock",
				"${PODS_ROOT}/Manifest.lock",
			);
			name = "[CP] Check Pods Manifest.lock";
			outputFileListPaths = (
			);
			outputPaths = (
				"$(DERIVED_FILE_DIR)/Pods-21_06_2023_PodInstallationDemo-checkManifestLockResult.txt",
			);
			runOnlyForDeploymentPostprocessing = 0;
			shellPath = /bin/sh;
			shellScript = "diff \"${PODS_PODFILE_DIR_PATH}/Podfile.lock\" \"${PODS_ROOT}/Manifest.lock\" > /dev/null\nif [ $? != 0 ] ; then\n    # print error to STDERR\n    echo \"error: The sandbox is not in sync with the Podfile.lock. Run 'pod install' or update your CocoaPods installation.\" >&2\n    exit 1\nfi\n# This output is used by Xcode 'outputs' to avoid re-running this script phase.\necho \"SUCCESS\" > \"${SCRIPT_OUTPUT_FILE_0}\"\n";
			showEnvVarsInLog = 0;
		};
/* End PBXShellScriptBuildPhase section */

/* Begin PBXSourcesBuildPhase section */
		681482E02A77B585004297F8 /* Sources */ = {
			isa = PBXSourcesBuildPhase;
			buildActionMask = 2147483647;
			files = (
				681482EC2A77B585004297F8 /* ViewController.swift in Sources */,
				681482E82A77B585004297F8 /* AppDelegate.swift in Sources */,
				68F534372A78FF63000207CB /* PostTableViewCell.swift in Sources */,
				681482EA2A77B585004297F8 /* SceneDelegate.swift in Sources */,
				68F3229E2A77BAA300ED4CF7 /* Post.swift in Sources */,
			);
			runOnlyForDeploymentPostprocessing = 0;
		};
/* End PBXSourcesBuildPhase section */

/* Begin PBXVariantGroup section */
		681482ED2A77B585004297F8 /* Main.storyboard */ = {
			isa = PBXVariantGroup;
			children = (
				681482EE2A77B585004297F8 /* Base */,
			);
			name = Main.storyboard;
			sourceTree = "<group>";
		};
		681482F22A77B587004297F8 /* LaunchScreen.storyboard */ = {
			isa = PBXVariantGroup;
			children = (
				681482F32A77B587004297F8 /* Base */,
			);
			name = LaunchScreen.storyboard;
			sourceTree = "<group>";
		};
/* End PBXVariantGroup section */

/* Begin XCBuildConfiguration section */
		681482F62A77B587004297F8 /* Debug */ = {
			isa = XCBuildConfiguration;
			buildSettings = {
				ALWAYS_SEARCH_USER_PATHS = NO;
				CLANG_ANALYZER_NONNULL = YES;
				CLANG_ANALYZER_NUMBER_OBJECT_CONVERSION = YES_AGGRESSIVE;
				CLANG_CXX_LANGUAGE_STANDARD = "gnu++20";
				CLANG_ENABLE_MODULES = YES;
				CLANG_ENABLE_OBJC_ARC = YES;
				CLANG_ENABLE_OBJC_WEAK = YES;
				CLANG_WARN_BLOCK_CAPTURE_AUTORELEASING = YES;
				CLANG_WARN_BOOL_CONVERSION = YES;
				CLANG_WARN_COMMA = YES;
				CLANG_WARN_CONSTANT_CONVERSION = YES;
				CLANG_WARN_DEPRECATED_OBJC_IMPLEMENTATIONS = YES;
				CLANG_WARN_DIRECT_OBJC_ISA_USAGE = YES_ERROR;
				CLANG_WARN_DOCUMENTATION_COMMENTS = YES;
				CLANG_WARN_EMPTY_BODY = YES;
				CLANG_WARN_ENUM_CONVERSION = YES;
				CLANG_WARN_INFINITE_RECURSION = YES;
				CLANG_WARN_INT_CONVERSION = YES;
				CLANG_WARN_NON_LITERAL_NULL_CONVERSION = YES;
				CLANG_WARN_OBJC_IMPLICIT_RETAIN_SELF = YES;
				CLANG_WARN_OBJC_LITERAL_CONVERSION = YES;
				CLANG_WARN_OBJC_ROOT_CLASS = YES_ERROR;
				CLANG_WARN_QUOTED_INCLUDE_IN_FRAMEWORK_HEADER = YES;
				CLANG_WARN_RANGE_LOOP_ANALYSIS = YES;
				CLANG_WARN_STRICT_PROTOTYPES = YES;
				CLANG_WARN_SUSPICIOUS_MOVE = YES;
				CLANG_WARN_UNGUARDED_AVAILABILITY = YES_AGGRESSIVE;
				CLANG_WARN_UNREACHABLE_CODE = YES;
				CLANG_WARN__DUPLICATE_METHOD_MATCH = YES;
				COPY_PHASE_STRIP = NO;
				DEBUG_INFORMATION_FORMAT = dwarf;
				ENABLE_STRICT_OBJC_MSGSEND = YES;
				ENABLE_TESTABILITY = YES;
				GCC_C_LANGUAGE_STANDARD = gnu11;
				GCC_DYNAMIC_NO_PIC = NO;
				GCC_NO_COMMON_BLOCKS = YES;
				GCC_OPTIMIZATION_LEVEL = 0;
				GCC_PREPROCESSOR_DEFINITIONS = (
					"DEBUG=1",
					"$(inherited)",
				);
				GCC_WARN_64_TO_32_BIT_CONVERSION = YES;
				GCC_WARN_ABOUT_RETURN_TYPE = YES_ERROR;
				GCC_WARN_UNDECLARED_SELECTOR = YES;
				GCC_WARN_UNINITIALIZED_AUTOS = YES_AGGRESSIVE;
				GCC_WARN_UNUSED_FUNCTION = YES;
				GCC_WARN_UNUSED_VARIABLE = YES;
				IPHONEOS_DEPLOYMENT_TARGET = 16.0;
				MTL_ENABLE_DEBUG_INFO = INCLUDE_SOURCE;
				MTL_FAST_MATH = YES;
				ONLY_ACTIVE_ARCH = YES;
				SDKROOT = iphoneos;
				SWIFT_ACTIVE_COMPILATION_CONDITIONS = DEBUG;
				SWIFT_OPTIMIZATION_LEVEL = "-Onone";
			};
			name = Debug;
		};
		681482F72A77B587004297F8 /* Release */ = {
			isa = XCBuildConfiguration;
			buildSettings = {
				ALWAYS_SEARCH_USER_PATHS = NO;
				CLANG_ANALYZER_NONNULL = YES;
				CLANG_ANALYZER_NUMBER_OBJECT_CONVERSION = YES_AGGRESSIVE;
				CLANG_CXX_LANGUAGE_STANDARD = "gnu++20";
				CLANG_ENABLE_MODULES = YES;
				CLANG_ENABLE_OBJC_ARC = YES;
				CLANG_ENABLE_OBJC_WEAK = YES;
				CLANG_WARN_BLOCK_CAPTURE_AUTORELEASING = YES;
				CLANG_WARN_BOOL_CONVERSION = YES;
				CLANG_WARN_COMMA = YES;
				CLANG_WARN_CONSTANT_CONVERSION = YES;
				CLANG_WARN_DEPRECATED_OBJC_IMPLEMENTATIONS = YES;
				CLANG_WARN_DIRECT_OBJC_ISA_USAGE = YES_ERROR;
				CLANG_WARN_DOCUMENTATION_COMMENTS = YES;
				CLANG_WARN_EMPTY_BODY = YES;
				CLANG_WARN_ENUM_CONVERSION = YES;
				CLANG_WARN_INFINITE_RECURSION = YES;
				CLANG_WARN_INT_CONVERSION = YES;
				CLANG_WARN_NON_LITERAL_NULL_CONVERSION = YES;
				CLANG_WARN_OBJC_IMPLICIT_RETAIN_SELF = YES;
				CLANG_WARN_OBJC_LITERAL_CONVERSION = YES;
				CLANG_WARN_OBJC_ROOT_CLASS = YES_ERROR;
				CLANG_WARN_QUOTED_INCLUDE_IN_FRAMEWORK_HEADER = YES;
				CLANG_WARN_RANGE_LOOP_ANALYSIS = YES;
				CLANG_WARN_STRICT_PROTOTYPES = YES;
				CLANG_WARN_SUSPICIOUS_MOVE = YES;
				CLANG_WARN_UNGUARDED_AVAILABILITY = YES_AGGRESSIVE;
				CLANG_WARN_UNREACHABLE_CODE = YES;
				CLANG_WARN__DUPLICATE_METHOD_MATCH = YES;
				COPY_PHASE_STRIP = NO;
				DEBUG_INFORMATION_FORMAT = "dwarf-with-dsym";
				ENABLE_NS_ASSERTIONS = NO;
				ENABLE_STRICT_OBJC_MSGSEND = YES;
				GCC_C_LANGUAGE_STANDARD = gnu11;
				GCC_NO_COMMON_BLOCKS = YES;
				GCC_WARN_64_TO_32_BIT_CONVERSION = YES;
				GCC_WARN_ABOUT_RETURN_TYPE = YES_ERROR;
				GCC_WARN_UNDECLARED_SELECTOR = YES;
				GCC_WARN_UNINITIALIZED_AUTOS = YES_AGGRESSIVE;
				GCC_WARN_UNUSED_FUNCTION = YES;
				GCC_WARN_UNUSED_VARIABLE = YES;
				IPHONEOS_DEPLOYMENT_TARGET = 16.0;
				MTL_ENABLE_DEBUG_INFO = NO;
				MTL_FAST_MATH = YES;
				SDKROOT = iphoneos;
				SWIFT_COMPILATION_MODE = wholemodule;
				SWIFT_OPTIMIZATION_LEVEL = "-O";
				VALIDATE_PRODUCT = YES;
			};
			name = Release;
		};
		681482F92A77B587004297F8 /* Debug */ = {
			isa = XCBuildConfiguration;
			baseConfigurationReference = 4CDC23427E4037BE13ADB4EE /* Pods-21_06_2023_PodInstallationDemo.debug.xcconfig */;
			buildSettings = {
				ASSETCATALOG_COMPILER_APPICON_NAME = AppIcon;
				ASSETCATALOG_COMPILER_GLOBAL_ACCENT_COLOR_NAME = AccentColor;
				CODE_SIGN_STYLE = Automatic;
				CURRENT_PROJECT_VERSION = 1;
				DEVELOPMENT_TEAM = V8WE74Y3MG;
				GENERATE_INFOPLIST_FILE = YES;
				INFOPLIST_FILE = 21_06_2023_PodInstallationDemo/Info.plist;
				INFOPLIST_KEY_UIApplicationSupportsIndirectInputEvents = YES;
				INFOPLIST_KEY_UILaunchStoryboardName = LaunchScreen;
				INFOPLIST_KEY_UIMainStoryboardFile = Main;
				INFOPLIST_KEY_UISupportedInterfaceOrientations_iPad = "UIInterfaceOrientationPortrait UIInterfaceOrientationPortraitUpsideDown UIInterfaceOrientationLandscapeLeft UIInterfaceOrientationLandscapeRight";
				INFOPLIST_KEY_UISupportedInterfaceOrientations_iPhone = "UIInterfaceOrientationPortrait UIInterfaceOrientationLandscapeLeft UIInterfaceOrientationLandscapeRight";
				LD_RUNPATH_SEARCH_PATHS = (
					"$(inherited)",
					"@executable_path/Frameworks",
				);
				MARKETING_VERSION = 1.0;
				PRODUCT_BUNDLE_IDENTIFIER = "in.bitcode.-1-06-2023-PodInstallationDemo";
				PRODUCT_NAME = "$(TARGET_NAME)";
				SWIFT_EMIT_LOC_STRINGS = YES;
				SWIFT_VERSION = 5.0;
				TARGETED_DEVICE_FAMILY = "1,2";
			};
			name = Debug;
		};
		681482FA2A77B587004297F8 /* Release */ = {
			isa = XCBuildConfiguration;
			baseConfigurationReference = 77C62A142A4C7BDA684677E7 /* Pods-21_06_2023_PodInstallationDemo.release.xcconfig */;
			buildSettings = {
				ASSETCATALOG_COMPILER_APPICON_NAME = AppIcon;
				ASSETCATALOG_COMPILER_GLOBAL_ACCENT_COLOR_NAME = AccentColor;
				CODE_SIGN_STYLE = Automatic;
				CURRENT_PROJECT_VERSION = 1;
				DEVELOPMENT_TEAM = V8WE74Y3MG;
				GENERATE_INFOPLIST_FILE = YES;
				INFOPLIST_FILE = 21_06_2023_PodInstallationDemo/Info.plist;
				INFOPLIST_KEY_UIApplicationSupportsIndirectInputEvents = YES;
				INFOPLIST_KEY_UILaunchStoryboardName = LaunchScreen;
				INFOPLIST_KEY_UIMainStoryboardFile = Main;
				INFOPLIST_KEY_UISupportedInterfaceOrientations_iPad = "UIInterfaceOrientationPortrait UIInterfaceOrientationPortraitUpsideDown UIInterfaceOrientationLandscapeLeft UIInterfaceOrientationLandscapeRight";
				INFOPLIST_KEY_UISupportedInterfaceOrientations_iPhone = "UIInterfaceOrientationPortrait UIInterfaceOrientationLandscapeLeft UIInterfaceOrientationLandscapeRight";
				LD_RUNPATH_SEARCH_PATHS = (
					"$(inherited)",
					"@executable_path/Frameworks",
				);
				MARKETING_VERSION = 1.0;
				PRODUCT_BUNDLE_IDENTIFIER = "in.bitcode.-1-06-2023-PodInstallationDemo";
				PRODUCT_NAME = "$(TARGET_NAME)";
				SWIFT_EMIT_LOC_STRINGS = YES;
				SWIFT_VERSION = 5.0;
				TARGETED_DEVICE_FAMILY = "1,2";
			};
			name = Release;
		};
/* End XCBuildConfiguration section */

/* Begin XCConfigurationList section */
		681482DF2A77B585004297F8 /* Build configuration list for PBXProject "21_06_2023_PodInstallationDemo" */ = {
			isa = XCConfigurationList;
			buildConfigurations = (
				681482F62A77B587004297F8 /* Debug */,
				681482F72A77B587004297F8 /* Release */,
			);
			defaultConfigurationIsVisible = 0;
			defaultConfigurationName = Release;
		};
		681482F82A77B587004297F8 /* Build configuration list for PBXNativeTarget "21_06_2023_PodInstallationDemo" */ = {
			isa = XCConfigurationList;
			buildConfigurations = (
				681482F92A77B587004297F8 /* Debug */,
				681482FA2A77B587004297F8 /* Release */,
			);
			defaultConfigurationIsVisible = 0;
			defaultConfigurationName = Release;
		};
/* End XCConfigurationList section */
	};
	rootObject = 681482DC2A77B585004297F8 /* Project object */;
}
